
Microsoft Visual Studio Solution File, Format Version 12.00
# Visual Studio Version 16
VisualStudioVersion = 16.0.30717.126
MinimumVisualStudioVersion = 10.0.40219.1
Project("{888888A0-9F3D-457C-B088-3A5042F75D52}") = "PKBT_LESSON2", "PKBT_LESSON2.pyproj", "{9C3380B0-E3DA-4750-AC0B-DE405F6BB67B}"
EndProject
Global
	GlobalSection(SolutionConfigurationPlatforms) = preSolution
		Debug|Any CPU = Debug|Any CPU
		Release|Any CPU = Release|Any CPU
	EndGlobalSection
	GlobalSection(ProjectConfigurationPlatforms) = postSolution
		{9C3380B0-E3DA-4750-AC0B-DE405F6BB67B}.Debug|Any CPU.ActiveCfg = Debug|Any CPU
		{9C3380B0-E3DA-4750-AC0B-DE405F6BB67B}.Release|Any CPU.ActiveCfg = Release|Any CPU
	EndGlobalSection
	GlobalSection(SolutionProperties) = preSolution
		HideSolutionNode = FALSE
	EndGlobalSection
	GlobalSection(ExtensibilityGlobals) = postSolution
		SolutionGuid = {4F0868C2-F500-4306-BF4F-A01C5A118D02}
	EndGlobalSection
EndGlobal
